{
  "name": "chess-pla-client",
  "version": "0.1.0",
  "lockfileVersion": 1,
  "requires": true,
  "dependencies": {
    "axios": {
      "version": "0.16.2",
      "resolved": "https://registry.npmjs.org/axios/-/axios-0.16.2.tgz",
      "integrity": "sha1-uk+S8XFn37q0CYN4VFS5rBScPG0="
    },
    "lodash": {
      "version": "4.17.19",
      "resolved": "https://registry.npmjs.org/lodash/-/lodash-4.17.19.tgz",
      "integrity": "sha512-JNvd8XER9GQX0v2qJgsaN/mzFCNA5BRe/j8JN9d+tWyGLSodKQHKFicdwNYzWwI3wjRnaKPsGj1XkBjx/F96DQ=="
    },
    "materialize-css": {
      "version": "0.100.1",
      "resolved": "https://registry.npmjs.org/materialize-css/-/materialize-css-0.100.1.tgz",
      "integrity": "sha512-FMAC4R+DRA78ADNyDtfl7qcsT3y9fgVEWWNY9dq6keIVRxmwGFly7ZwNpXMJzf0qkqipEhLcx1rAIyj+hUJVKg=="
    },
    "react": {
      "version": "15.6.1",
      "resolved": "https://registry.npmjs.org/react/-/react-15.6.1.tgz",
      "integrity": "sha1-uqhDTsZ4C96ZfNw4C3nNM7ljk98="
    },
    "react-date-picker2": {
      "version": "6.3.0",
      "resolved": "https://registry.npmjs.org/react-date-picker2/-/react-date-picker2-6.3.0.tgz",
      "integrity": "sha512-Cf2CfQzBMEtk/MmOrqiQghLyuPwfQvwBOuPD0PwKHzztVmIUVOpliKGyBpKoIhrzWEN/6WqVQjim4rqS2Bizqw==",
      "dependencies": {
        "object-assign": {
          "version": "4.0.1",
          "resolved": "https://registry.npmjs.org/object-assign/-/object-assign-4.0.1.tgz",
          "integrity": "sha1-mVBEVsNZi1ytT8WcJuipuxB/4L0="
        }
      }
    },
    "react-dom": {
      "version": "15.6.1",
      "resolved": "https://registry.npmjs.org/react-dom/-/react-dom-15.6.1.tgz",
      "integrity": "sha1-LLDtQZEDjlPCCes6eaI+Kkz5lHA="
    },
    "react-redux": {
      "version": "5.0.6",
      "resolved": "https://registry.npmjs.org/react-redux/-/react-redux-5.0.6.tgz",
      "integrity": "sha512-8taaaGu+J7PMJQDJrk/xiWEYQmdo3mkXw6wPr3K3LxvXis3Fymiq7c13S+Tpls/AyNUAsoONkU81AP0RA6y6Vw=="
    },
    "react-router-dom": {
      "version": "4.2.2",
      "resolved": "https://registry.npmjs.org/react-router-dom/-/react-router-dom-4.2.2.tgz",
      "integrity": "sha512-cHMFC1ZoLDfEaMFoKTjN7fry/oczMgRt5BKfMAkTu5zEuJvUiPp1J8d0eXSVTnBh6pxlbdqDhozunOOLtmKfPA=="
    },
    "react-scripts": {
      "version": "1.0.11",
      "resolved": "https://registry.npmjs.org/react-scripts/-/react-scripts-1.0.11.tgz",
      "integrity": "sha512-mUgWK/cJk/36RFadYCeVf3MEvwfrp2DcJmMZs2ujayI4Ggia6QC2oHX3hqLgS17pfcr9SZsVc2rlYNReW3DeFA==",
      "dependencies": {
        "promise": {
          "version": "8.0.1",
          "resolved": "https://registry.npmjs.org/promise/-/promise-8.0.1.tgz",
          "integrity": "sha1-5F1osAoXZHttpxG/he1u1HII9FA="
        }
      }
    },
    "redux": {
      "version": "3.7.2",
      "resolved": "https://registry.npmjs.org/redux/-/redux-3.7.2.tgz",
      "integrity": "sha512-pNqnf9q1hI5HHZRBkj3bAngGZW/JMCmexDlOxw4XagXY2o1327nHH54LoTjiPJ0gizoqPDRqWyX/00g0hD6w+A=="
    },
    "redux-form": {
      "version": "7.0.3",
      "resolved": "https://registry.npmjs.org/redux-form/-/redux-form-7.0.3.tgz",
      "integrity": "sha512-9yjU9XIlihXUrUZidKuYiDkZUAqqFluzWIqXKzNvvnbtUwEYVssv5+dxjlTzgSJWTs6RBG2QiQdP5/VR6USFuA=="
    },
    "redux-thunk": {
      "version": "2.2.0",
      "resolved": "https://registry.npmjs.org/redux-thunk/-/redux-thunk-2.2.0.tgz",
      "integrity": "sha1-5hWhbha0ehmlFXZhM9Hj6Zt4UuU="
    }
  }
}
